# This file is autogenerated, do not edit; changes may be undone by the next 'dep ensure'.


[[projects]]
  digest = "1:156330d712fb64aea7f0e8d90b0438406a6fb820d99d34b0b982739f2a17be66"
  name = "cloud.google.com/go"
  packages = [
    "compute/metadata",
    "datastore",
    "internal",
    "internal/fields",
    "internal/trace",
    "internal/version",
  ]
  pruneopts = "UT"
  revision = "0ebda48a7f143b1cce9eb37a8c1106ac762a3430"
  version = "v0.34.0"

[[projects]]
  digest = "1:fc4f149402c1fa7258290c3f91b0bfbc709763f3d3899609a2e4a0163dec65c6"
  name = "github.com/bwmarrin/discordgo"
  packages = ["."]
  pruneopts = "UT"
  revision = "8325a6bf6dd6c91ed4040a1617b07287b8fb0eba"
  version = "v0.19.0"

[[projects]]
  digest = "1:c6892ebe33775a89a6da197bafd468682bb8350b4ae235aed42fa531d3a9f3ca"
  name = "github.com/golang/protobuf"
  packages = [
    "proto",
    "protoc-gen-go/descriptor",
    "ptypes",
    "ptypes/any",
    "ptypes/duration",
    "ptypes/struct",
    "ptypes/timestamp",
    "ptypes/wrappers",
  ]
  pruneopts = "UT"
  revision = "aa810b61a9c79d51363740d207bb46cf8e620ed5"
  version = "v1.2.0"

[[projects]]
  digest = "1:cd9864c6366515827a759931746738ede6079faa08df9c584596370d6add135c"
  name = "github.com/googleapis/gax-go"
  packages = [
    ".",
    "v2",
  ]
  pruneopts = "UT"
  revision = "c8a15bac9b9fe955bd9f900272f9a306465d28cf"
  version = "v2.0.3"

[[projects]]
  digest = "1:7b5c6e2eeaa9ae5907c391a91c132abfd5c9e8a784a341b5625e750c67e6825d"
  name = "github.com/gorilla/websocket"
  packages = ["."]
  pruneopts = "UT"
  revision = "66b9c49e59c6c48f0ffce28c2d8b8a5678502c6d"
  version = "v1.4.0"

[[projects]]
  digest = "1:ecd9aa82687cf31d1585d4ac61d0ba180e42e8a6182b85bd785fcca8dfeefc1b"
  name = "github.com/joho/godotenv"
  packages = ["."]
  pruneopts = "UT"
  revision = "23d116af351c84513e1946b527c88823e476be13"
  version = "v1.3.0"

[[projects]]
  digest = "1:7139f29149d65f1abcfd127d161aff4de84dcf1c251b3bdc77ad2b522d3e0769"
  name = "go.opencensus.io"
  packages = [
    ".",
    "exemplar",
    "internal",
    "internal/tagencoding",
    "plugin/ocgrpc",
    "stats",
    "stats/internal",
    "stats/view",
    "tag",
    "trace",
    "trace/internal",
    "trace/propagation",
    "trace/tracestate",
  ]
  pruneopts = "UT"
  revision = "b7bf3cdb64150a8c8c53b769fdeb2ba581bd4d4b"
  version = "v0.18.0"

[[projects]]
  branch = "master"
  digest = "1:a68068595227881a09dd5961976ddf705c8eea822dcd1c7b57bbb0067335ad32"
  name = "golang.org/x/crypto"
  packages = [
    "internal/subtle",
    "nacl/secretbox",
    "poly1305",
    "salsa20/salsa",
  ]
  pruneopts = "UT"
  revision = "ff983b9c42bc9fbf91556e191cc8efb585c16908"

[[projects]]
  branch = "master"
  digest = "1:8ecb828bb550a8c6b7d75b8261a42c369461311616ebe5451966d067f5f993bf"
  name = "golang.org/x/net"
  packages = [
    "context",
    "context/ctxhttp",
    "http/httpguts",
    "http2",
    "http2/hpack",
    "idna",
    "internal/timeseries",
    "trace",
  ]
  pruneopts = "UT"
  revision = "927f97764cc334a6575f4b7a1584a147864d5723"

[[projects]]
  branch = "master"
  digest = "1:23443edff0740e348959763085df98400dcfd85528d7771bb0ce9f5f2754ff4a"
  name = "golang.org/x/oauth2"
  packages = [
    ".",
    "google",
    "internal",
    "jws",
    "jwt",
  ]
  pruneopts = "UT"
  revision = "d668ce993890a79bda886613ee587a69dd5da7a6"

[[projects]]
  branch = "master"
  digest = "1:5004e851e5eccde563d17871cd9d11c82e2faa578b1a0de81dc74867ad3845a4"
  name = "golang.org/x/sys"
  packages = ["unix"]
  pruneopts = "UT"
  revision = "82a175fd1598e8a172e58ebdf5ed262bb29129e5"

[[projects]]
  digest = "1:a2ab62866c75542dd18d2b069fec854577a20211d7c0ea6ae746072a1dccdd18"
  name = "golang.org/x/text"
  packages = [
    "collate",
    "collate/build",
    "internal/colltab",
    "internal/gen",
    "internal/tag",
    "internal/triegen",
    "internal/ucd",
    "language",
    "secure/bidirule",
    "transform",
    "unicode/bidi",
    "unicode/cldr",
    "unicode/norm",
    "unicode/rangetable",
  ]
  pruneopts = "UT"
  revision = "f21a4dfb5e38f5895301dc265a8def02365cc3d0"
  version = "v0.3.0"

[[projects]]
  digest = "1:1af02e88b40bc5e5b7a78136f79b03950e7109dad3470fe3335f4077cfcb828b"
  name = "google.golang.org/api"
  packages = [
    "compute/v1",
    "gensupport",
    "googleapi",
    "googleapi/internal/uritemplates",
    "internal",
    "iterator",
    "option",
    "transport/grpc",
  ]
  pruneopts = "UT"
  revision = "19e022d8cf43ce81f046bae8cc18c5397cc7732f"
  version = "v0.1.0"

[[projects]]
  digest = "1:c4eaa5f79d36f76ef4bd0c4f96e36bc1b7b5a359528d1267f0cb7a5d58b7b5bb"
  name = "google.golang.org/appengine"
  packages = [
    ".",
    "internal",
    "internal/app_identity",
    "internal/base",
    "internal/datastore",
    "internal/log",
    "internal/modules",
    "internal/remote_api",
    "internal/socket",
    "internal/urlfetch",
    "socket",
    "urlfetch",
  ]
  pruneopts = "UT"
  revision = "e9657d882bb81064595ca3b56cbe2546bbabf7b1"
  version = "v1.4.0"

[[projects]]
  branch = "master"
  digest = "1:00b75b7a4f2cdf6dfb25ab98dd1bf88dea197f22bd6127380359d64b417544bd"
  name = "google.golang.org/genproto"
  packages = [
    "googleapis/api/annotations",
    "googleapis/datastore/v1",
    "googleapis/rpc/code",
    "googleapis/rpc/status",
    "googleapis/type/latlng",
  ]
  pruneopts = "UT"
  revision = "bd9b4fb69e2ffd37621a6caa54dcbead29b546f2"

[[projects]]
  digest = "1:3fc54ad826c0183f803bb97e0927dfc05fcb7b7a6ddabed646ee8184d861fa9b"
  name = "google.golang.org/grpc"
  packages = [
    ".",
    "balancer",
    "balancer/base",
    "balancer/roundrobin",
    "binarylog/grpc_binarylog_v1",
    "codes",
    "connectivity",
    "credentials",
    "credentials/internal",
    "credentials/oauth",
    "encoding",
    "encoding/proto",
    "grpclog",
    "internal",
    "internal/backoff",
    "internal/binarylog",
    "internal/channelz",
    "internal/envconfig",
    "internal/grpcrand",
    "internal/grpcsync",
    "internal/syscall",
    "internal/transport",
    "keepalive",
    "metadata",
    "naming",
    "peer",
    "resolver",
    "resolver/dns",
    "resolver/passthrough",
    "stats",
    "status",
    "tap",
  ]
  pruneopts = "UT"
  revision = "df014850f6dee74ba2fc94874043a9f3f75fbfd8"
  version = "v1.17.0"

[solve-meta]
  analyzer-name = "dep"
  analyzer-version = 1
  input-imports = [
    "cloud.google.com/go/datastore",
    "github.com/bwmarrin/discordgo",
    "github.com/joho/godotenv",
    "golang.org/x/net/context",
    "golang.org/x/oauth2/google",
    "google.golang.org/api/compute/v1",
  ]
  solver-name = "gps-cdcl"
  solver-version = 1
